PODS:
  - Alamofire (3.5.0)
  - SwiftyJSON (2.4.0)

DEPENDENCIES:
  - Alamofire (~> 3.4)
  - SwiftyJSON (from `https://github.com/SwiftyJSON/SwiftyJSON.git`, branch `swift2`)

EXTERNAL SOURCES:
  SwiftyJSON:
    :branch: swift2
    :git: https://github.com/SwiftyJSON/SwiftyJSON.git

CHECKOUT OPTIONS:
  SwiftyJSON:
    :commit: b273771fb93f5c37eea00af5d0985e028b8dfba5
    :git: https://github.com/SwiftyJSON/SwiftyJSON.git

SPEC CHECKSUMS:
  Alamofire: b70a7352335f8ea5babd0a923eb7e8eacc67b877
  SwiftyJSON: 96918c1bf505efa50c4f72957018dd3452090c9c

PODFILE CHECKSUM: c77787a79d1c5b2ba215afd23f6a962a35a0b21d

COCOAPODS: 1.0.1
